
Microsoft Visual Studio Solution File, Format Version 12.00
# Visual Studio Version 17
VisualStudioVersion = 17.7.34202.233
MinimumVisualStudioVersion = 10.0.40219.1
Project("{FAE04EC0-301F-11D3-BF4B-00C04F79EFBC}") = "Rasiga_Camelia_Lab2", "Rasiga_Camelia_Lab2.csproj", "{1CDAFBFB-5A45-494B-99BB-078BFC4CD293}"
EndProject
Global
	GlobalSection(SolutionConfigurationPlatforms) = preSolution
		Debug|Any CPU = Debug|Any CPU
		Release|Any CPU = Release|Any CPU
	EndGlobalSection
	GlobalSection(ProjectConfigurationPlatforms) = postSolution
		{1CDAFBFB-5A45-494B-99BB-078BFC4CD293}.Debug|Any CPU.ActiveCfg = Debug|Any CPU
		{1CDAFBFB-5A45-494B-99BB-078BFC4CD293}.Debug|Any CPU.Build.0 = Debug|Any CPU
		{1CDAFBFB-5A45-494B-99BB-078BFC4CD293}.Release|Any CPU.ActiveCfg = Release|Any CPU
		{1CDAFBFB-5A45-494B-99BB-078BFC4CD293}.Release|Any CPU.Build.0 = Release|Any CPU
	EndGlobalSection
	GlobalSection(SolutionProperties) = preSolution
		HideSolutionNode = FALSE
	EndGlobalSection
	GlobalSection(ExtensibilityGlobals) = postSolution
		SolutionGuid = {4F36FB56-CE45-441C-96CE-FEAC752D6B6C}
	EndGlobalSection
EndGlobal
